// !$*UTF8*$!
{
	archiveVersion = 1;
	classes = {
	};
	objectVersion = 56;
	objects = {

/* Begin PBXBuildFile section */
		D046ACD92E57AC9D00FF769C /* AppDelegate.swift in Sources */ = {isa = PBXBuildFile; fileRef = D046ACD82E57AC9D00FF769C /* AppDelegate.swift */; };
		D046ACDB2E57AC9D00FF769C /* SceneDelegate.swift in Sources */ = {isa = PBXBuildFile; fileRef = D046ACDA2E57AC9D00FF769C /* SceneDelegate.swift */; };
		D046ACDD2E57AC9D00FF769C /* ViewController.swift in Sources */ = {isa = PBXBuildFile; fileRef = D046ACDC2E57AC9D00FF769C /* ViewController.swift */; };
		D046ACE02E57AC9D00FF769C /* Base in Resources */ = {isa = PBXBuildFile; fileRef = D046ACDF2E57AC9D00FF769C /* Base */; };
		D046ACE22E57AC9F00FF769C /* Assets.xcassets in Resources */ = {isa = PBXBuildFile; fileRef = D046ACE12E57AC9F00FF769C /* Assets.xcassets */; };
		D046ACE52E57AC9F00FF769C /* Base in Resources */ = {isa = PBXBuildFile; fileRef = D046ACE42E57AC9F00FF769C /* Base */; };
		D046ACF02E57AC9F00FF769C /* QuizTests.swift in Sources */ = {isa = PBXBuildFile; fileRef = D046ACEF2E57AC9F00FF769C /* QuizTests.swift */; };
		D046ACFA2E57AC9F00FF769C /* QuizUITests.swift in Sources */ = {isa = PBXBuildFile; fileRef = D046ACF92E57AC9F00FF769C /* QuizUITests.swift */; };
		D046ACFC2E57AC9F00FF769C /* QuizUITestsLaunchTests.swift in Sources */ = {isa = PBXBuildFile; fileRef = D046ACFB2E57AC9F00FF769C /* QuizUITestsLaunchTests.swift */; };
/* End PBXBuildFile section */

/* Begin PBXContainerItemProxy section */
		D046ACEC2E57AC9F00FF769C /* PBXContainerItemProxy */ = {
			isa = PBXContainerItemProxy;
			containerPortal = D046ACCD2E57AC9D00FF769C /* Project object */;
			proxyType = 1;
			remoteGlobalIDString = D046ACD42E57AC9D00FF769C;
			remoteInfo = Quiz;
		};
		D046ACF62E57AC9F00FF769C /* PBXContainerItemProxy */ = {
			isa = PBXContainerItemProxy;
			containerPortal = D046ACCD2E57AC9D00FF769C /* Project object */;
			proxyType = 1;
			remoteGlobalIDString = D046ACD42E57AC9D00FF769C;
			remoteInfo = Quiz;
		};
/* End PBXContainerItemProxy section */

/* Begin PBXFileReference section */
		D046ACD52E57AC9D00FF769C /* Quiz.app */ = {isa = PBXFileReference; explicitFileType = wrapper.application; includeInIndex = 0; path = Quiz.app; sourceTree = BUILT_PRODUCTS_DIR; };
		D046ACD82E57AC9D00FF769C /* AppDelegate.swift */ = {isa = PBXFileReference; lastKnownFileType = sourcecode.swift; path = AppDelegate.swift; sourceTree = "<group>"; };
		D046ACDA2E57AC9D00FF769C /* SceneDelegate.swift */ = {isa = PBXFileReference; lastKnownFileType = sourcecode.swift; path = SceneDelegate.swift; sourceTree = "<group>"; };
		D046ACDC2E57AC9D00FF769C /* ViewController.swift */ = {isa = PBXFileReference; lastKnownFileType = sourcecode.swift; path = ViewController.swift; sourceTree = "<group>"; };
		D046ACDF2E57AC9D00FF769C /* Base */ = {isa = PBXFileReference; lastKnownFileType = file.storyboard; name = Base; path = Base.lproj/Main.storyboard; sourceTree = "<group>"; };
		D046ACE12E57AC9F00FF769C /* Assets.xcassets */ = {isa = PBXFileReference; lastKnownFileType = folder.assetcatalog; path = Assets.xcassets; sourceTree = "<group>"; };
		D046ACE42E57AC9F00FF769C /* Base */ = {isa = PBXFileReference; lastKnownFileType = file.storyboard; name = Base; path = Base.lproj/LaunchScreen.storyboard; sourceTree = "<group>"; };
		D046ACE62E57AC9F00FF769C /* Info.plist */ = {isa = PBXFileReference; lastKnownFileType = text.plist.xml; path = Info.plist; sourceTree = "<group>"; };
		D046ACEB2E57AC9F00FF769C /* QuizTests.xctest */ = {isa = PBXFileReference; explicitFileType = wrapper.cfbundle; includeInIndex = 0; path = QuizTests.xctest; sourceTree = BUILT_PRODUCTS_DIR; };
		D046ACEF2E57AC9F00FF769C /* QuizTests.swift */ = {isa = PBXFileReference; lastKnownFileType = sourcecode.swift; path = QuizTests.swift; sourceTree = "<group>"; };
		D046ACF52E57AC9F00FF769C /* QuizUITests.xctest */ = {isa = PBXFileReference; explicitFileType = wrapper.cfbundle; includeInIndex = 0; path = QuizUITests.xctest; sourceTree = BUILT_PRODUCTS_DIR; };
		D046ACF92E57AC9F00FF769C /* QuizUITests.swift */ = {isa = PBXFileReference; lastKnownFileType = sourcecode.swift; path = QuizUITests.swift; sourceTree = "<group>"; };
		D046ACFB2E57AC9F00FF769C /* QuizUITestsLaunchTests.swift */ = {isa = PBXFileReference; lastKnownFileType = sourcecode.swift; path = QuizUITestsLaunchTests.swift; sourceTree = "<group>"; };
/* End PBXFileReference section */

/* Begin PBXFrameworksBuildPhase section */
		D046ACD22E57AC9D00FF769C /* Frameworks */ = {
			isa = PBXFrameworksBuildPhase;
			buildActionMask = 2147483647;
			files = (
			);
			runOnlyForDeploymentPostprocessing = 0;
		};
		D046ACE82E57AC9F00FF769C /* Frameworks */ = {
			isa = PBXFrameworksBuildPhase;
			buildActionMask = 2147483647;
			files = (
			);
			runOnlyForDeploymentPostprocessing = 0;
		};
		D046ACF22E57AC9F00FF769C /* Frameworks */ = {
			isa = PBXFrameworksBuildPhase;
			buildActionMask = 2147483647;
			files = (
			);
			runOnlyForDeploymentPostprocessing = 0;
		};
/* End PBXFrameworksBuildPhase section */

/* Begin PBXGroup section */
		D046ACCC2E57AC9D00FF769C = {
			isa = PBXGroup;
			children = (
				D046ACD72E57AC9D00FF769C /* Quiz */,
				D046ACEE2E57AC9F00FF769C /* QuizTests */,
				D046ACF82E57AC9F00FF769C /* QuizUITests */,
				D046ACD62E57AC9D00FF769C /* Products */,
			);
			sourceTree = "<group>";
		};
		D046ACD62E57AC9D00FF769C /* Products */ = {
			isa = PBXGroup;
			children = (
				D046ACD52E57AC9D00FF769C /* Quiz.app */,
				D046ACEB2E57AC9F00FF769C /* QuizTests.xctest */,
				D046ACF52E57AC9F00FF769C /* QuizUITests.xctest */,
			);
			name = Products;
			sourceTree = "<group>";
		};
		D046ACD72E57AC9D00FF769C /* Quiz */ = {
			isa = PBXGroup;
			children = (
				D046ACD82E57AC9D00FF769C /* AppDelegate.swift */,
				D046ACDA2E57AC9D00FF769C /* SceneDelegate.swift */,
				D046ACDC2E57AC9D00FF769C /* ViewController.swift */,
				D046ACDE2E57AC9D00FF769C /* Main.storyboard */,
				D046ACE12E57AC9F00FF769C /* Assets.xcassets */,
				D046ACE32E57AC9F00FF769C /* LaunchScreen.storyboard */,
				D046ACE62E57AC9F00FF769C /* Info.plist */,
			);
			path = Quiz;
			sourceTree = "<group>";
		};
		D046ACEE2E57AC9F00FF769C /* QuizTests */ = {
			isa = PBXGroup;
			children = (
				D046ACEF2E57AC9F00FF769C /* QuizTests.swift */,
			);
			path = QuizTests;
			sourceTree = "<group>";
		};
		D046ACF82E57AC9F00FF769C /* QuizUITests */ = {
			isa = PBXGroup;
			children = (
				D046ACF92E57AC9F00FF769C /* QuizUITests.swift */,
				D046ACFB2E57AC9F00FF769C /* QuizUITestsLaunchTests.swift */,
			);
			path = QuizUITests;
			sourceTree = "<group>";
		};
/* End PBXGroup section */

/* Begin PBXNativeTarget section */
		D046ACD42E57AC9D00FF769C /* Quiz */ = {
			isa = PBXNativeTarget;
			buildConfigurationList = D046ACFF2E57AC9F00FF769C /* Build configuration list for PBXNativeTarget "Quiz" */;
			buildPhases = (
				D046ACD12E57AC9D00FF769C /* Sources */,
				D046ACD22E57AC9D00FF769C /* Frameworks */,
				D046ACD32E57AC9D00FF769C /* Resources */,
			);
			buildRules = (
			);
			dependencies = (
			);
			name = Quiz;
			productName = Quiz;
			productReference = D046ACD52E57AC9D00FF769C /* Quiz.app */;
			productType = "com.apple.product-type.application";
		};
		D046ACEA2E57AC9F00FF769C /* QuizTests */ = {
			isa = PBXNativeTarget;
			buildConfigurationList = D046AD022E57AC9F00FF769C /* Build configuration list for PBXNativeTarget "QuizTests" */;
			buildPhases = (
				D046ACE72E57AC9F00FF769C /* Sources */,
				D046ACE82E57AC9F00FF769C /* Frameworks */,
				D046ACE92E57AC9F00FF769C /* Resources */,
			);
			buildRules = (
			);
			dependencies = (
				D046ACED2E57AC9F00FF769C /* PBXTargetDependency */,
			);
			name = QuizTests;
			productName = QuizTests;
			productReference = D046ACEB2E57AC9F00FF769C /* QuizTests.xctest */;
			productType = "com.apple.product-type.bundle.unit-test";
		};
		D046ACF42E57AC9F00FF769C /* QuizUITests */ = {
			isa = PBXNativeTarget;
			buildConfigurationList = D046AD052E57AC9F00FF769C /* Build configuration list for PBXNativeTarget "QuizUITests" */;
			buildPhases = (
				D046ACF12E57AC9F00FF769C /* Sources */,
				D046ACF22E57AC9F00FF769C /* Frameworks */,
				D046ACF32E57AC9F00FF769C /* Resources */,
			);
			buildRules = (
			);
			dependencies = (
				D046ACF72E57AC9F00FF769C /* PBXTargetDependency */,
			);
			name = QuizUITests;
			productName = QuizUITests;
			productReference = D046ACF52E57AC9F00FF769C /* QuizUITests.xctest */;
			productType = "com.apple.product-type.bundle.ui-testing";
		};
/* End PBXNativeTarget section */

/* Begin PBXProject section */
		D046ACCD2E57AC9D00FF769C /* Project object */ = {
			isa = PBXProject;
			attributes = {
				BuildIndependentTargetsInParallel = 1;
				LastSwiftUpdateCheck = 1530;
				LastUpgradeCheck = 1530;
				TargetAttributes = {
					D046ACD42E57AC9D00FF769C = {
						CreatedOnToolsVersion = 15.3;
					};
					D046ACEA2E57AC9F00FF769C = {
						CreatedOnToolsVersion = 15.3;
						TestTargetID = D046ACD42E57AC9D00FF769C;
					};
					D046ACF42E57AC9F00FF769C = {
						CreatedOnToolsVersion = 15.3;
						TestTargetID = D046ACD42E57AC9D00FF769C;
					};
				};
			};
			buildConfigurationList = D046ACD02E57AC9D00FF769C /* Build configuration list for PBXProject "Quiz" */;
			compatibilityVersion = "Xcode 14.0";
			developmentRegion = en;
			hasScannedForEncodings = 0;
			knownRegions = (
				en,
				Base,
			);
			mainGroup = D046ACCC2E57AC9D00FF769C;
			productRefGroup = D046ACD62E57AC9D00FF769C /* Products */;
			projectDirPath = "";
			projectRoot = "";
			targets = (
				D046ACD42E57AC9D00FF769C /* Quiz */,
				D046ACEA2E57AC9F00FF769C /* QuizTests */,
				D046ACF42E57AC9F00FF769C /* QuizUITests */,
			);
		};
/* End PBXProject section */

/* Begin PBXResourcesBuildPhase section */
		D046ACD32E57AC9D00FF769C /* Resources */ = {
			isa = PBXResourcesBuildPhase;
			buildActionMask = 2147483647;
			files = (
				D046ACE22E57AC9F00FF769C /* Assets.xcassets in Resources */,
				D046ACE52E57AC9F00FF769C /* Base in Resources */,
				D046ACE02E57AC9D00FF769C /* Base in Resources */,
			);
			runOnlyForDeploymentPostprocessing = 0;
		};
		D046ACE92E57AC9F00FF769C /* Resources */ = {
			isa = PBXResourcesBuildPhase;
			buildActionMask = 2147483647;
			files = (
			);
			runOnlyForDeploymentPostprocessing = 0;
		};
		D046ACF32E57AC9F00FF769C /* Resources */ = {
			isa = PBXResourcesBuildPhase;
			buildActionMask = 2147483647;
			files = (
			);
			runOnlyForDeploymentPostprocessing = 0;
		};
/* End PBXResourcesBuildPhase section */

/* Begin PBXSourcesBuildPhase section */
		D046ACD12E57AC9D00FF769C /* Sources */ = {
			isa = PBXSourcesBuildPhase;
			buildActionMask = 2147483647;
			files = (
				D046ACDD2E57AC9D00FF769C /* ViewController.swift in Sources */,
				D046ACD92E57AC9D00FF769C /* AppDelegate.swift in Sources */,
				D046ACDB2E57AC9D00FF769C /* SceneDelegate.swift in Sources */,
			);
			runOnlyForDeploymentPostprocessing = 0;
		};
		D046ACE72E57AC9F00FF769C /* Sources */ = {
			isa = PBXSourcesBuildPhase;
			buildActionMask = 2147483647;
			files = (
				D046ACF02E57AC9F00FF769C /* QuizTests.swift in Sources */,
			);
			runOnlyForDeploymentPostprocessing = 0;
		};
		D046ACF12E57AC9F00FF769C /* Sources */ = {
			isa = PBXSourcesBuildPhase;
			buildActionMask = 2147483647;
			files = (
				D046ACFA2E57AC9F00FF769C /* QuizUITests.swift in Sources */,
				D046ACFC2E57AC9F00FF769C /* QuizUITestsLaunchTests.swift in Sources */,
			);
			runOnlyForDeploymentPostprocessing = 0;
		};
/* End PBXSourcesBuildPhase section */

/* Begin PBXTargetDependency section */
		D046ACED2E57AC9F00FF769C /* PBXTargetDependency */ = {
			isa = PBXTargetDependency;
			target = D046ACD42E57AC9D00FF769C /* Quiz */;
			targetProxy = D046ACEC2E57AC9F00FF769C /* PBXContainerItemProxy */;
		};
		D046ACF72E57AC9F00FF769C /* PBXTargetDependency */ = {
			isa = PBXTargetDependency;
			target = D046ACD42E57AC9D00FF769C /* Quiz */;
			targetProxy = D046ACF62E57AC9F00FF769C /* PBXContainerItemProxy */;
		};
/* End PBXTargetDependency section */

/* Begin PBXVariantGroup section */
		D046ACDE2E57AC9D00FF769C /* Main.storyboard */ = {
			isa = PBXVariantGroup;
			children = (
				D046ACDF2E57AC9D00FF769C /* Base */,
			);
			name = Main.storyboard;
			sourceTree = "<group>";
		};
		D046ACE32E57AC9F00FF769C /* LaunchScreen.storyboard */ = {
			isa = PBXVariantGroup;
			children = (
				D046ACE42E57AC9F00FF769C /* Base */,
			);
			name = LaunchScreen.storyboard;
			sourceTree = "<group>";
		};
/* End PBXVariantGroup section */

/* Begin XCBuildConfiguration section */
		D046ACFD2E57AC9F00FF769C /* Debug */ = {
			isa = XCBuildConfiguration;
			buildSettings = {
				ALWAYS_SEARCH_USER_PATHS = NO;
				ASSETCATALOG_COMPILER_GENERATE_SWIFT_ASSET_SYMBOL_EXTENSIONS = YES;
				CLANG_ANALYZER_NONNULL = YES;
				CLANG_ANALYZER_NUMBER_OBJECT_CONVERSION = YES_AGGRESSIVE;
				CLANG_CXX_LANGUAGE_STANDARD = "gnu++20";
				CLANG_ENABLE_MODULES = YES;
				CLANG_ENABLE_OBJC_ARC = YES;
				CLANG_ENABLE_OBJC_WEAK = YES;
				CLANG_WARN_BLOCK_CAPTURE_AUTORELEASING = YES;
				CLANG_WARN_BOOL_CONVERSION = YES;
				CLANG_WARN_COMMA = YES;
				CLANG_WARN_CONSTANT_CONVERSION = YES;
				CLANG_WARN_DEPRECATED_OBJC_IMPLEMENTATIONS = YES;
				CLANG_WARN_DIRECT_OBJC_ISA_USAGE = YES_ERROR;
				CLANG_WARN_DOCUMENTATION_COMMENTS = YES;
				CLANG_WARN_EMPTY_BODY = YES;
				CLANG_WARN_ENUM_CONVERSION = YES;
				CLANG_WARN_INFINITE_RECURSION = YES;
				CLANG_WARN_INT_CONVERSION = YES;
				CLANG_WARN_NON_LITERAL_NULL_CONVERSION = YES;
				CLANG_WARN_OBJC_IMPLICIT_RETAIN_SELF = YES;
				CLANG_WARN_OBJC_LITERAL_CONVERSION = YES;
				CLANG_WARN_OBJC_ROOT_CLASS = YES_ERROR;
				CLANG_WARN_QUOTED_INCLUDE_IN_FRAMEWORK_HEADER = YES;
				CLANG_WARN_RANGE_LOOP_ANALYSIS = YES;
				CLANG_WARN_STRICT_PROTOTYPES = YES;
				CLANG_WARN_SUSPICIOUS_MOVE = YES;
				CLANG_WARN_UNGUARDED_AVAILABILITY = YES_AGGRESSIVE;
				CLANG_WARN_UNREACHABLE_CODE = YES;
				CLANG_WARN__DUPLICATE_METHOD_MATCH = YES;
				COPY_PHASE_STRIP = NO;
				DEBUG_INFORMATION_FORMAT = dwarf;
				ENABLE_STRICT_OBJC_MSGSEND = YES;
				ENABLE_TESTABILITY = YES;
				ENABLE_USER_SCRIPT_SANDBOXING = YES;
				GCC_C_LANGUAGE_STANDARD = gnu17;
				GCC_DYNAMIC_NO_PIC = NO;
				GCC_NO_COMMON_BLOCKS = YES;
				GCC_OPTIMIZATION_LEVEL = 0;
				GCC_PREPROCESSOR_DEFINITIONS = (
					"DEBUG=1",
					"$(inherited)",
				);
				GCC_WARN_64_TO_32_BIT_CONVERSION = YES;
				GCC_WARN_ABOUT_RETURN_TYPE = YES_ERROR;
				GCC_WARN_UNDECLARED_SELECTOR = YES;
				GCC_WARN_UNINITIALIZED_AUTOS = YES_AGGRESSIVE;
				GCC_WARN_UNUSED_FUNCTION = YES;
				GCC_WARN_UNUSED_VARIABLE = YES;
				IPHONEOS_DEPLOYMENT_TARGET = 17.4;
				LOCALIZATION_PREFERS_STRING_CATALOGS = YES;
				MTL_ENABLE_DEBUG_INFO = INCLUDE_SOURCE;
				MTL_FAST_MATH = YES;
				ONLY_ACTIVE_ARCH = YES;
				SDKROOT = iphoneos;
				SWIFT_ACTIVE_COMPILATION_CONDITIONS = "DEBUG $(inherited)";
				SWIFT_OPTIMIZATION_LEVEL = "-Onone";
			};
			name = Debug;
		};
		D046ACFE2E57AC9F00FF769C /* Release */ = {
			isa = XCBuildConfiguration;
			buildSettings = {
				ALWAYS_SEARCH_USER_PATHS = NO;
				ASSETCATALOG_COMPILER_GENERATE_SWIFT_ASSET_SYMBOL_EXTENSIONS = YES;
				CLANG_ANALYZER_NONNULL = YES;
				CLANG_ANALYZER_NUMBER_OBJECT_CONVERSION = YES_AGGRESSIVE;
				CLANG_CXX_LANGUAGE_STANDARD = "gnu++20";
				CLANG_ENABLE_MODULES = YES;
				CLANG_ENABLE_OBJC_ARC = YES;
				CLANG_ENABLE_OBJC_WEAK = YES;
				CLANG_WARN_BLOCK_CAPTURE_AUTORELEASING = YES;
				CLANG_WARN_BOOL_CONVERSION = YES;
				CLANG_WARN_COMMA = YES;
				CLANG_WARN_CONSTANT_CONVERSION = YES;
				CLANG_WARN_DEPRECATED_OBJC_IMPLEMENTATIONS = YES;
				CLANG_WARN_DIRECT_OBJC_ISA_USAGE = YES_ERROR;
				CLANG_WARN_DOCUMENTATION_COMMENTS = YES;
				CLANG_WARN_EMPTY_BODY = YES;
				CLANG_WARN_ENUM_CONVERSION = YES;
				CLANG_WARN_INFINITE_RECURSION = YES;
				CLANG_WARN_INT_CONVERSION = YES;
				CLANG_WARN_NON_LITERAL_NULL_CONVERSION = YES;
				CLANG_WARN_OBJC_IMPLICIT_RETAIN_SELF = YES;
				CLANG_WARN_OBJC_LITERAL_CONVERSION = YES;
				CLANG_WARN_OBJC_ROOT_CLASS = YES_ERROR;
				CLANG_WARN_QUOTED_INCLUDE_IN_FRAMEWORK_HEADER = YES;
				CLANG_WARN_RANGE_LOOP_ANALYSIS = YES;
				CLANG_WARN_STRICT_PROTOTYPES = YES;
				CLANG_WARN_SUSPICIOUS_MOVE = YES;
				CLANG_WARN_UNGUARDED_AVAILABILITY = YES_AGGRESSIVE;
				CLANG_WARN_UNREACHABLE_CODE = YES;
				CLANG_WARN__DUPLICATE_METHOD_MATCH = YES;
				COPY_PHASE_STRIP = NO;
				DEBUG_INFORMATION_FORMAT = "dwarf-with-dsym";
				ENABLE_NS_ASSERTIONS = NO;
				ENABLE_STRICT_OBJC_MSGSEND = YES;
				ENABLE_USER_SCRIPT_SANDBOXING = YES;
				GCC_C_LANGUAGE_STANDARD = gnu17;
				GCC_NO_COMMON_BLOCKS = YES;
				GCC_WARN_64_TO_32_BIT_CONVERSION = YES;
				GCC_WARN_ABOUT_RETURN_TYPE = YES_ERROR;
				GCC_WARN_UNDECLARED_SELECTOR = YES;
				GCC_WARN_UNINITIALIZED_AUTOS = YES_AGGRESSIVE;
				GCC_WARN_UNUSED_FUNCTION = YES;
				GCC_WARN_UNUSED_VARIABLE = YES;
				IPHONEOS_DEPLOYMENT_TARGET = 17.4;
				LOCALIZATION_PREFERS_STRING_CATALOGS = YES;
				MTL_ENABLE_DEBUG_INFO = NO;
				MTL_FAST_MATH = YES;
				SDKROOT = iphoneos;
				SWIFT_COMPILATION_MODE = wholemodule;
				VALIDATE_PRODUCT = YES;
			};
			name = Release;
		};
		D046AD002E57AC9F00FF769C /* Debug */ = {
			isa = XCBuildConfiguration;
			buildSettings = {
				ASSETCATALOG_COMPILER_APPICON_NAME = AppIcon;
				ASSETCATALOG_COMPILER_GLOBAL_ACCENT_COLOR_NAME = AccentColor;
				CODE_SIGN_STYLE = Automatic;
				CURRENT_PROJECT_VERSION = 1;
				GENERATE_INFOPLIST_FILE = YES;
				INFOPLIST_FILE = Quiz/Info.plist;
				INFOPLIST_KEY_UIApplicationSupportsIndirectInputEvents = YES;
				INFOPLIST_KEY_UILaunchStoryboardName = LaunchScreen;
				INFOPLIST_KEY_UIMainStoryboardFile = Main;
				INFOPLIST_KEY_UISupportedInterfaceOrientations_iPad = "UIInterfaceOrientationPortrait UIInterfaceOrientationPortraitUpsideDown UIInterfaceOrientationLandscapeLeft UIInterfaceOrientationLandscapeRight";
				INFOPLIST_KEY_UISupportedInterfaceOrientations_iPhone = "UIInterfaceOrientationPortrait UIInterfaceOrientationLandscapeLeft UIInterfaceOrientationLandscapeRight";
				LD_RUNPATH_SEARCH_PATHS = (
					"$(inherited)",
					"@executable_path/Frameworks",
				);
				MARKETING_VERSION = 1.0;
				PRODUCT_BUNDLE_IDENTIFIER = JU.Quiz;
				PRODUCT_NAME = "$(TARGET_NAME)";
				SWIFT_EMIT_LOC_STRINGS = YES;
				SWIFT_VERSION = 5.0;
				TARGETED_DEVICE_FAMILY = "1,2";
			};
			name = Debug;
		};
		D046AD012E57AC9F00FF769C /* Release */ = {
			isa = XCBuildConfiguration;
			buildSettings = {
				ASSETCATALOG_COMPILER_APPICON_NAME = AppIcon;
				ASSETCATALOG_COMPILER_GLOBAL_ACCENT_COLOR_NAME = AccentColor;
				CODE_SIGN_STYLE = Automatic;
				CURRENT_PROJECT_VERSION = 1;
				GENERATE_INFOPLIST_FILE = YES;
				INFOPLIST_FILE = Quiz/Info.plist;
				INFOPLIST_KEY_UIApplicationSupportsIndirectInputEvents = YES;
				INFOPLIST_KEY_UILaunchStoryboardName = LaunchScreen;
				INFOPLIST_KEY_UIMainStoryboardFile = Main;
				INFOPLIST_KEY_UISupportedInterfaceOrientations_iPad = "UIInterfaceOrientationPortrait UIInterfaceOrientationPortraitUpsideDown UIInterfaceOrientationLandscapeLeft UIInterfaceOrientationLandscapeRight";
				INFOPLIST_KEY_UISupportedInterfaceOrientations_iPhone = "UIInterfaceOrientationPortrait UIInterfaceOrientationLandscapeLeft UIInterfaceOrientationLandscapeRight";
				LD_RUNPATH_SEARCH_PATHS = (
					"$(inherited)",
					"@executable_path/Frameworks",
				);
				MARKETING_VERSION = 1.0;
				PRODUCT_BUNDLE_IDENTIFIER = JU.Quiz;
				PRODUCT_NAME = "$(TARGET_NAME)";
				SWIFT_EMIT_LOC_STRINGS = YES;
				SWIFT_VERSION = 5.0;
				TARGETED_DEVICE_FAMILY = "1,2";
			};
			name = Release;
		};
		D046AD032E57AC9F00FF769C /* Debug */ = {
			isa = XCBuildConfiguration;
			buildSettings = {
				ALWAYS_EMBED_SWIFT_STANDARD_LIBRARIES = YES;
				BUNDLE_LOADER = "$(TEST_HOST)";
				CODE_SIGN_STYLE = Automatic;
				CURRENT_PROJECT_VERSION = 1;
				GENERATE_INFOPLIST_FILE = YES;
				IPHONEOS_DEPLOYMENT_TARGET = 17.4;
				MARKETING_VERSION = 1.0;
				PRODUCT_BUNDLE_IDENTIFIER = JU.QuizTests;
				PRODUCT_NAME = "$(TARGET_NAME)";
				SWIFT_EMIT_LOC_STRINGS = NO;
				SWIFT_VERSION = 5.0;
				TARGETED_DEVICE_FAMILY = "1,2";
				TEST_HOST = "$(BUILT_PRODUCTS_DIR)/Quiz.app/$(BUNDLE_EXECUTABLE_FOLDER_PATH)/Quiz";
			};
			name = Debug;
		};
		D046AD042E57AC9F00FF769C /* Release */ = {
			isa = XCBuildConfiguration;
			buildSettings = {
				ALWAYS_EMBED_SWIFT_STANDARD_LIBRARIES = YES;
				BUNDLE_LOADER = "$(TEST_HOST)";
				CODE_SIGN_STYLE = Automatic;
				CURRENT_PROJECT_VERSION = 1;
				GENERATE_INFOPLIST_FILE = YES;
				IPHONEOS_DEPLOYMENT_TARGET = 17.4;
				MARKETING_VERSION = 1.0;
				PRODUCT_BUNDLE_IDENTIFIER = JU.QuizTests;
				PRODUCT_NAME = "$(TARGET_NAME)";
				SWIFT_EMIT_LOC_STRINGS = NO;
				SWIFT_VERSION = 5.0;
				TARGETED_DEVICE_FAMILY = "1,2";
				TEST_HOST = "$(BUILT_PRODUCTS_DIR)/Quiz.app/$(BUNDLE_EXECUTABLE_FOLDER_PATH)/Quiz";
			};
			name = Release;
		};
		D046AD062E57AC9F00FF769C /* Debug */ = {
			isa = XCBuildConfiguration;
			buildSettings = {
				ALWAYS_EMBED_SWIFT_STANDARD_LIBRARIES = YES;
				CODE_SIGN_STYLE = Automatic;
				CURRENT_PROJECT_VERSION = 1;
				GENERATE_INFOPLIST_FILE = YES;
				MARKETING_VERSION = 1.0;
				PRODUCT_BUNDLE_IDENTIFIER = JU.QuizUITests;
				PRODUCT_NAME = "$(TARGET_NAME)";
				SWIFT_EMIT_LOC_STRINGS = NO;
				SWIFT_VERSION = 5.0;
				TARGETED_DEVICE_FAMILY = "1,2";
				TEST_TARGET_NAME = Quiz;
			};
			name = Debug;
		};
		D046AD072E57AC9F00FF769C /* Release */ = {
			isa = XCBuildConfiguration;
			buildSettings = {
				ALWAYS_EMBED_SWIFT_STANDARD_LIBRARIES = YES;
				CODE_SIGN_STYLE = Automatic;
				CURRENT_PROJECT_VERSION = 1;
				GENERATE_INFOPLIST_FILE = YES;
				MARKETING_VERSION = 1.0;
				PRODUCT_BUNDLE_IDENTIFIER = JU.QuizUITests;
				PRODUCT_NAME = "$(TARGET_NAME)";
				SWIFT_EMIT_LOC_STRINGS = NO;
				SWIFT_VERSION = 5.0;
				TARGETED_DEVICE_FAMILY = "1,2";
				TEST_TARGET_NAME = Quiz;
			};
			name = Release;
		};
/* End XCBuildConfiguration section */

/* Begin XCConfigurationList section */
		D046ACD02E57AC9D00FF769C /* Build configuration list for PBXProject "Quiz" */ = {
			isa = XCConfigurationList;
			buildConfigurations = (
				D046ACFD2E57AC9F00FF769C /* Debug */,
				D046ACFE2E57AC9F00FF769C /* Release */,
			);
			defaultConfigurationIsVisible = 0;
			defaultConfigurationName = Release;
		};
		D046ACFF2E57AC9F00FF769C /* Build configuration list for PBXNativeTarget "Quiz" */ = {
			isa = XCConfigurationList;
			buildConfigurations = (
				D046AD002E57AC9F00FF769C /* Debug */,
				D046AD012E57AC9F00FF769C /* Release */,
			);
			defaultConfigurationIsVisible = 0;
			defaultConfigurationName = Release;
		};
		D046AD022E57AC9F00FF769C /* Build configuration list for PBXNativeTarget "QuizTests" */ = {
			isa = XCConfigurationList;
			buildConfigurations = (
				D046AD032E57AC9F00FF769C /* Debug */,
				D046AD042E57AC9F00FF769C /* Release */,
			);
			defaultConfigurationIsVisible = 0;
			defaultConfigurationName = Release;
		};
		D046AD052E57AC9F00FF769C /* Build configuration list for PBXNativeTarget "QuizUITests" */ = {
			isa = XCConfigurationList;
			buildConfigurations = (
				D046AD062E57AC9F00FF769C /* Debug */,
				D046AD072E57AC9F00FF769C /* Release */,
			);
			defaultConfigurationIsVisible = 0;
			defaultConfigurationName = Release;
		};
/* End XCConfigurationList section */
	};
	rootObject = D046ACCD2E57AC9D00FF769C /* Project object */;
}
